
Microsoft Visual Studio Solution File, Format Version 12.00
# Visual Studio Version 16
VisualStudioVersion = 16.0.30804.86
MinimumVisualStudioVersion = 10.0.40219.1
Project("{FAE04EC0-301F-11D3-BF4B-00C04F79EFBC}") = "NETDComm5", "NETDComm5.csproj", "{94EC4CBD-CDBA-4F30-82C7-E2559888B109}"
EndProject
Global
	GlobalSection(SolutionConfigurationPlatforms) = preSolution
		Debug|Any CPU = Debug|Any CPU
		Release|Any CPU = Release|Any CPU
	EndGlobalSection
	GlobalSection(ProjectConfigurationPlatforms) = postSolution
		{94EC4CBD-CDBA-4F30-82C7-E2559888B109}.Debug|Any CPU.ActiveCfg = Debug|Any CPU
		{94EC4CBD-CDBA-4F30-82C7-E2559888B109}.Debug|Any CPU.Build.0 = Debug|Any CPU
		{94EC4CBD-CDBA-4F30-82C7-E2559888B109}.Release|Any CPU.ActiveCfg = Release|Any CPU
		{94EC4CBD-CDBA-4F30-82C7-E2559888B109}.Release|Any CPU.Build.0 = Release|Any CPU
	EndGlobalSection
	GlobalSection(SolutionProperties) = preSolution
		HideSolutionNode = FALSE
	EndGlobalSection
	GlobalSection(ExtensibilityGlobals) = postSolution
		SolutionGuid = {B6302E5C-E145-41B7-8574-FDC06B11A924}
	EndGlobalSection
EndGlobal
